// !$*UTF8*$!
{
	archiveVersion = 1;
	classes = {
	};
	objectVersion = 77;
	objects = {

/* Begin PBXBuildFile section */
		77AFE6E52FA342D100759E87 /* JustDoShared in Frameworks */ = {isa = PBXBuildFile; productRef = 77AFE6E42FA342D100759E87 /* JustDoShared */; };
		77AFE6ED2FA3443100759E87 /* WidgetKit.framework in Frameworks */ = {isa = PBXBuildFile; fileRef = 77AFE6EC2FA3443100759E87 /* WidgetKit.framework */; };
		77AFE6EF2FA3443100759E87 /* SwiftUI.framework in Frameworks */ = {isa = PBXBuildFile; fileRef = 77AFE6EE2FA3443100759E87 /* SwiftUI.framework */; };
		77AFE6FE2FA3443600759E87 /* JustDoWidgetExtension.appex in Embed Foundation Extensions */ = {isa = PBXBuildFile; fileRef = 77AFE6EA2FA3443100759E87 /* JustDoWidgetExtension.appex */; settings = {ATTRIBUTES = (RemoveHeadersOnCopy, ); }; };
		77AFE7052FA344A000759E87 /* JustDoShared in Frameworks */ = {isa = PBXBuildFile; productRef = 77AFE7042FA344A000759E87 /* JustDoShared */; };
/* End PBXBuildFile section */

/* Begin PBXContainerItemProxy section */
		77AFE6FC2FA3443600759E87 /* PBXContainerItemProxy */ = {
			isa = PBXContainerItemProxy;
			containerPortal = 77AFE6CD2FA3418F00759E87 /* Project object */;
			proxyType = 1;
			remoteGlobalIDString = 77AFE6E92FA3443100759E87;
			remoteInfo = JustDoWidgetExtension;
		};
		77C200032FB0000000010003 /* PBXContainerItemProxy */ = {
			isa = PBXContainerItemProxy;
			containerPortal = 77AFE6CD2FA3418F00759E87 /* Project object */;
			proxyType = 1;
			remoteGlobalIDString = 77AFE6D42FA3418F00759E87;
			remoteInfo = JustDoApp;
		};
/* End PBXContainerItemProxy section */

/* Begin PBXCopyFilesBuildPhase section */
		77AFE7032FA3443600759E87 /* Embed Foundation Extensions */ = {
			isa = PBXCopyFilesBuildPhase;
			buildActionMask = 2147483647;
			dstPath = "";
			dstSubfolderSpec = 13;
			files = (
				77AFE6FE2FA3443600759E87 /* JustDoWidgetExtension.appex in Embed Foundation Extensions */,
			);
			name = "Embed Foundation Extensions";
			runOnlyForDeploymentPostprocessing = 0;
		};
/* End PBXCopyFilesBuildPhase section */

/* Begin PBXFileReference section */
		77AFE6D52FA3418F00759E87 /* JustDoApp.app */ = {isa = PBXFileReference; explicitFileType = wrapper.application; includeInIndex = 0; path = JustDoApp.app; sourceTree = BUILT_PRODUCTS_DIR; };
		77AFE6EA2FA3443100759E87 /* JustDoWidgetExtension.appex */ = {isa = PBXFileReference; explicitFileType = "wrapper.app-extension"; includeInIndex = 0; path = JustDoWidgetExtension.appex; sourceTree = BUILT_PRODUCTS_DIR; };
		77AFE6EC2FA3443100759E87 /* WidgetKit.framework */ = {isa = PBXFileReference; lastKnownFileType = wrapper.framework; name = WidgetKit.framework; path = System/Library/Frameworks/WidgetKit.framework; sourceTree = SDKROOT; };
		77AFE6EE2FA3443100759E87 /* SwiftUI.framework */ = {isa = PBXFileReference; lastKnownFileType = wrapper.framework; name = SwiftUI.framework; path = System/Library/Frameworks/SwiftUI.framework; sourceTree = SDKROOT; };
		77AFE7072FA344F900759E87 /* JustDoWidgetExtension.entitlements */ = {isa = PBXFileReference; lastKnownFileType = text.plist.entitlements; path = JustDoWidgetExtension.entitlements; sourceTree = "<group>"; };
		77B100012FA9000000010001 /* Debug.xcconfig */ = {isa = PBXFileReference; lastKnownFileType = text.xcconfig; path = Debug.xcconfig; sourceTree = "<group>"; };
		77B100022FA9000000010001 /* Release.xcconfig */ = {isa = PBXFileReference; lastKnownFileType = text.xcconfig; path = Release.xcconfig; sourceTree = "<group>"; };
		77B100032FA9000000010001 /* Local.xcconfig.example */ = {isa = PBXFileReference; lastKnownFileType = text.xcconfig; path = Local.xcconfig.example; sourceTree = "<group>"; };
		77C200012FB0000000010001 /* JustDoAppUITests.xctest */ = {isa = PBXFileReference; explicitFileType = wrapper.cfbundle; includeInIndex = 0; path = JustDoAppUITests.xctest; sourceTree = BUILT_PRODUCTS_DIR; };
/* End PBXFileReference section */

/* Begin PBXFileSystemSynchronizedBuildFileExceptionSet section */
		77AFE6FF2FA3443600759E87 /* Exceptions for "JustDoWidget" folder in "JustDoWidgetExtension" target */ = {
			isa = PBXFileSystemSynchronizedBuildFileExceptionSet;
			membershipExceptions = (
				Info.plist,
			);
			target = 77AFE6E92FA3443100759E87 /* JustDoWidgetExtension */;
		};
		77B100042FA9000000010001 /* Exceptions for "JustDoApp" folder in "JustDoApp" target */ = {
			isa = PBXFileSystemSynchronizedBuildFileExceptionSet;
			membershipExceptions = (
				Info.plist,
			);
			target = 77AFE6D42FA3418F00759E87 /* JustDoApp */;
		};
/* End PBXFileSystemSynchronizedBuildFileExceptionSet section */

/* Begin PBXFileSystemSynchronizedRootGroup section */
		77AFE6D72FA3418F00759E87 /* JustDoApp */ = {
			isa = PBXFileSystemSynchronizedRootGroup;
			exceptions = (
				77B100042FA9000000010001 /* Exceptions for "JustDoApp" folder in "JustDoApp" target */,
			);
			path = JustDoApp;
			sourceTree = "<group>";
		};
		77AFE6F02FA3443100759E87 /* JustDoWidget */ = {
			isa = PBXFileSystemSynchronizedRootGroup;
			exceptions = (
				77AFE6FF2FA3443600759E87 /* Exceptions for "JustDoWidget" folder in "JustDoWidgetExtension" target */,
			);
			path = JustDoWidget;
			sourceTree = "<group>";
		};
		77C200022FB0000000010002 /* JustDoAppUITests */ = {
			isa = PBXFileSystemSynchronizedRootGroup;
			path = JustDoAppUITests;
			sourceTree = "<group>";
		};
/* End PBXFileSystemSynchronizedRootGroup section */

/* Begin PBXFrameworksBuildPhase section */
		77AFE6D22FA3418F00759E87 /* Frameworks */ = {
			isa = PBXFrameworksBuildPhase;
			buildActionMask = 2147483647;
			files = (
				77AFE6E52FA342D100759E87 /* JustDoShared in Frameworks */,
			);
			runOnlyForDeploymentPostprocessing = 0;
		};
		77AFE6E72FA3443100759E87 /* Frameworks */ = {
			isa = PBXFrameworksBuildPhase;
			buildActionMask = 2147483647;
			files = (
				77AFE6EF2FA3443100759E87 /* SwiftUI.framework in Frameworks */,
				77AFE6ED2FA3443100759E87 /* WidgetKit.framework in Frameworks */,
				77AFE7052FA344A000759E87 /* JustDoShared in Frameworks */,
			);
			runOnlyForDeploymentPostprocessing = 0;
		};
		77C200052FB0000000010005 /* Frameworks */ = {
			isa = PBXFrameworksBuildPhase;
			buildActionMask = 2147483647;
			files = (
			);
			runOnlyForDeploymentPostprocessing = 0;
		};
/* End PBXFrameworksBuildPhase section */

/* Begin PBXGroup section */
		77AFE6CC2FA3418F00759E87 = {
			isa = PBXGroup;
			children = (
				77B100002FA9000000010001 /* Config */,
				77AFE7072FA344F900759E87 /* JustDoWidgetExtension.entitlements */,
				77AFE6D72FA3418F00759E87 /* JustDoApp */,
				77AFE6F02FA3443100759E87 /* JustDoWidget */,
				77C200022FB0000000010002 /* JustDoAppUITests */,
				77AFE6EB2FA3443100759E87 /* Frameworks */,
				77AFE6D62FA3418F00759E87 /* Products */,
			);
			sourceTree = "<group>";
		};
		77AFE6D62FA3418F00759E87 /* Products */ = {
			isa = PBXGroup;
			children = (
				77AFE6D52FA3418F00759E87 /* JustDoApp.app */,
				77AFE6EA2FA3443100759E87 /* JustDoWidgetExtension.appex */,
				77C200012FB0000000010001 /* JustDoAppUITests.xctest */,
			);
			name = Products;
			sourceTree = "<group>";
		};
		77AFE6EB2FA3443100759E87 /* Frameworks */ = {
			isa = PBXGroup;
			children = (
				77AFE6EC2FA3443100759E87 /* WidgetKit.framework */,
				77AFE6EE2FA3443100759E87 /* SwiftUI.framework */,
			);
			name = Frameworks;
			sourceTree = "<group>";
		};
		77B100002FA9000000010001 /* Config */ = {
			isa = PBXGroup;
			children = (
				77B100012FA9000000010001 /* Debug.xcconfig */,
				77B100022FA9000000010001 /* Release.xcconfig */,
				77B100032FA9000000010001 /* Local.xcconfig.example */,
			);
			path = Config;
			sourceTree = "<group>";
		};
/* End PBXGroup section */

/* Begin PBXNativeTarget section */
		77AFE6D42FA3418F00759E87 /* JustDoApp */ = {
			isa = PBXNativeTarget;
			buildConfigurationList = 77AFE6E02FA3419100759E87 /* Build configuration list for PBXNativeTarget "JustDoApp" */;
			buildPhases = (
				77AFE6D12FA3418F00759E87 /* Sources */,
				77AFE6D22FA3418F00759E87 /* Frameworks */,
				77AFE6D32FA3418F00759E87 /* Resources */,
				77AFE7032FA3443600759E87 /* Embed Foundation Extensions */,
			);
			buildRules = (
			);
			dependencies = (
				77AFE6FD2FA3443600759E87 /* PBXTargetDependency */,
			);
			fileSystemSynchronizedGroups = (
				77AFE6D72FA3418F00759E87 /* JustDoApp */,
			);
			name = JustDoApp;
			packageProductDependencies = (
				77AFE6E42FA342D100759E87 /* JustDoShared */,
			);
			productName = JustDoApp;
			productReference = 77AFE6D52FA3418F00759E87 /* JustDoApp.app */;
			productType = "com.apple.product-type.application";
		};
		77AFE6E92FA3443100759E87 /* JustDoWidgetExtension */ = {
			isa = PBXNativeTarget;
			buildConfigurationList = 77AFE7002FA3443600759E87 /* Build configuration list for PBXNativeTarget "JustDoWidgetExtension" */;
			buildPhases = (
				77AFE6E62FA3443100759E87 /* Sources */,
				77AFE6E72FA3443100759E87 /* Frameworks */,
				77AFE6E82FA3443100759E87 /* Resources */,
			);
			buildRules = (
			);
			dependencies = (
			);
			fileSystemSynchronizedGroups = (
				77AFE6F02FA3443100759E87 /* JustDoWidget */,
			);
			name = JustDoWidgetExtension;
			packageProductDependencies = (
				77AFE7042FA344A000759E87 /* JustDoShared */,
			);
			productName = JustDoWidgetExtension;
			productReference = 77AFE6EA2FA3443100759E87 /* JustDoWidgetExtension.appex */;
			productType = "com.apple.product-type.app-extension";
		};
		77C200082FB0000000010008 /* JustDoAppUITests */ = {
			isa = PBXNativeTarget;
			buildConfigurationList = 77C2000B2FB000000001000B /* Build configuration list for PBXNativeTarget "JustDoAppUITests" */;
			buildPhases = (
				77C200072FB0000000010007 /* Sources */,
				77C200052FB0000000010005 /* Frameworks */,
				77C200062FB0000000010006 /* Resources */,
			);
			buildRules = (
			);
			dependencies = (
				77C200042FB0000000010004 /* PBXTargetDependency */,
			);
			fileSystemSynchronizedGroups = (
				77C200022FB0000000010002 /* JustDoAppUITests */,
			);
			name = JustDoAppUITests;
			packageProductDependencies = (
			);
			productName = JustDoAppUITests;
			productReference = 77C200012FB0000000010001 /* JustDoAppUITests.xctest */;
			productType = "com.apple.product-type.bundle.ui-testing";
		};
/* End PBXNativeTarget section */

/* Begin PBXProject section */
		77AFE6CD2FA3418F00759E87 /* Project object */ = {
			isa = PBXProject;
			attributes = {
				BuildIndependentTargetsInParallel = 1;
				LastSwiftUpdateCheck = 2630;
				LastUpgradeCheck = 2630;
				TargetAttributes = {
					77AFE6D42FA3418F00759E87 = {
						CreatedOnToolsVersion = 26.3;
					};
					77AFE6E92FA3443100759E87 = {
						CreatedOnToolsVersion = 26.3;
					};
					77C200082FB0000000010008 = {
						CreatedOnToolsVersion = 26.3;
						TestTargetID = 77AFE6D42FA3418F00759E87;
					};
				};
			};
			buildConfigurationList = 77AFE6D02FA3418F00759E87 /* Build configuration list for PBXProject "JustDoApp" */;
			developmentRegion = en;
			hasScannedForEncodings = 0;
			knownRegions = (
				en,
				Base,
			);
			mainGroup = 77AFE6CC2FA3418F00759E87;
			minimizedProjectReferenceProxies = 1;
			packageReferences = (
				77AFE6E32FA342D100759E87 /* XCLocalSwiftPackageReference "../../ios" */,
			);
			preferredProjectObjectVersion = 77;
			productRefGroup = 77AFE6D62FA3418F00759E87 /* Products */;
			projectDirPath = "";
			projectRoot = "";
			targets = (
				77AFE6D42FA3418F00759E87 /* JustDoApp */,
				77AFE6E92FA3443100759E87 /* JustDoWidgetExtension */,
				77C200082FB0000000010008 /* JustDoAppUITests */,
			);
		};
/* End PBXProject section */

/* Begin PBXResourcesBuildPhase section */
		77AFE6D32FA3418F00759E87 /* Resources */ = {
			isa = PBXResourcesBuildPhase;
			buildActionMask = 2147483647;
			files = (
			);
			runOnlyForDeploymentPostprocessing = 0;
		};
		77AFE6E82FA3443100759E87 /* Resources */ = {
			isa = PBXResourcesBuildPhase;
			buildActionMask = 2147483647;
			files = (
			);
			runOnlyForDeploymentPostprocessing = 0;
		};
		77C200062FB0000000010006 /* Resources */ = {
			isa = PBXResourcesBuildPhase;
			buildActionMask = 2147483647;
			files = (
			);
			runOnlyForDeploymentPostprocessing = 0;
		};
/* End PBXResourcesBuildPhase section */

/* Begin PBXSourcesBuildPhase section */
		77AFE6D12FA3418F00759E87 /* Sources */ = {
			isa = PBXSourcesBuildPhase;
			buildActionMask = 2147483647;
			files = (
			);
			runOnlyForDeploymentPostprocessing = 0;
		};
		77AFE6E62FA3443100759E87 /* Sources */ = {
			isa = PBXSourcesBuildPhase;
			buildActionMask = 2147483647;
			files = (
			);
			runOnlyForDeploymentPostprocessing = 0;
		};
		77C200072FB0000000010007 /* Sources */ = {
			isa = PBXSourcesBuildPhase;
			buildActionMask = 2147483647;
			files = (
			);
			runOnlyForDeploymentPostprocessing = 0;
		};
/* End PBXSourcesBuildPhase section */

/* Begin PBXTargetDependency section */
		77AFE6FD2FA3443600759E87 /* PBXTargetDependency */ = {
			isa = PBXTargetDependency;
			target = 77AFE6E92FA3443100759E87 /* JustDoWidgetExtension */;
			targetProxy = 77AFE6FC2FA3443600759E87 /* PBXContainerItemProxy */;
		};
		77C200042FB0000000010004 /* PBXTargetDependency */ = {
			isa = PBXTargetDependency;
			target = 77AFE6D42FA3418F00759E87 /* JustDoApp */;
			targetProxy = 77C200032FB0000000010003 /* PBXContainerItemProxy */;
		};
/* End PBXTargetDependency section */

/* Begin XCBuildConfiguration section */
		77AFE6DE2FA3419100759E87 /* Debug */ = {
			isa = XCBuildConfiguration;
			buildSettings = {
				ALWAYS_SEARCH_USER_PATHS = NO;
				ASSETCATALOG_COMPILER_GENERATE_SWIFT_ASSET_SYMBOL_EXTENSIONS = YES;
				CLANG_ANALYZER_NONNULL = YES;
				CLANG_ANALYZER_NUMBER_OBJECT_CONVERSION = YES_AGGRESSIVE;
				CLANG_CXX_LANGUAGE_STANDARD = "gnu++20";
				CLANG_ENABLE_MODULES = YES;
				CLANG_ENABLE_OBJC_ARC = YES;
				CLANG_ENABLE_OBJC_WEAK = YES;
				CLANG_WARN_BLOCK_CAPTURE_AUTORELEASING = YES;
				CLANG_WARN_BOOL_CONVERSION = YES;
				CLANG_WARN_COMMA = YES;
				CLANG_WARN_CONSTANT_CONVERSION = YES;
				CLANG_WARN_DEPRECATED_OBJC_IMPLEMENTATIONS = YES;
				CLANG_WARN_DIRECT_OBJC_ISA_USAGE = YES_ERROR;
				CLANG_WARN_DOCUMENTATION_COMMENTS = YES;
				CLANG_WARN_EMPTY_BODY = YES;
				CLANG_WARN_ENUM_CONVERSION = YES;
				CLANG_WARN_INFINITE_RECURSION = YES;
				CLANG_WARN_INT_CONVERSION = YES;
				CLANG_WARN_NON_LITERAL_NULL_CONVERSION = YES;
				CLANG_WARN_OBJC_IMPLICIT_RETAIN_SELF = YES;
				CLANG_WARN_OBJC_LITERAL_CONVERSION = YES;
				CLANG_WARN_OBJC_ROOT_CLASS = YES_ERROR;
				CLANG_WARN_QUOTED_INCLUDE_IN_FRAMEWORK_HEADER = YES;
				CLANG_WARN_RANGE_LOOP_ANALYSIS = YES;
				CLANG_WARN_STRICT_PROTOTYPES = YES;
				CLANG_WARN_SUSPICIOUS_MOVE = YES;
				CLANG_WARN_UNGUARDED_AVAILABILITY = YES_AGGRESSIVE;
				CLANG_WARN_UNREACHABLE_CODE = YES;
				CLANG_WARN__DUPLICATE_METHOD_MATCH = YES;
				COPY_PHASE_STRIP = NO;
				DEBUG_INFORMATION_FORMAT = dwarf;
				DEVELOPMENT_TEAM = Y99467L298;
				ENABLE_STRICT_OBJC_MSGSEND = YES;
				ENABLE_TESTABILITY = YES;
				ENABLE_USER_SCRIPT_SANDBOXING = YES;
				GCC_C_LANGUAGE_STANDARD = gnu17;
				GCC_DYNAMIC_NO_PIC = NO;
				GCC_NO_COMMON_BLOCKS = YES;
				GCC_OPTIMIZATION_LEVEL = 0;
				GCC_PREPROCESSOR_DEFINITIONS = (
					"DEBUG=1",
					"$(inherited)",
				);
				GCC_WARN_64_TO_32_BIT_CONVERSION = YES;
				GCC_WARN_ABOUT_RETURN_TYPE = YES_ERROR;
				GCC_WARN_UNDECLARED_SELECTOR = YES;
				GCC_WARN_UNINITIALIZED_AUTOS = YES_AGGRESSIVE;
				GCC_WARN_UNUSED_FUNCTION = YES;
				GCC_WARN_UNUSED_VARIABLE = YES;
				IPHONEOS_DEPLOYMENT_TARGET = 26.2;
				LOCALIZATION_PREFERS_STRING_CATALOGS = YES;
				MTL_ENABLE_DEBUG_INFO = INCLUDE_SOURCE;
				MTL_FAST_MATH = YES;
				ONLY_ACTIVE_ARCH = YES;
				SDKROOT = iphoneos;
				SWIFT_ACTIVE_COMPILATION_CONDITIONS = "DEBUG $(inherited)";
				SWIFT_OPTIMIZATION_LEVEL = "-Onone";
			};
			name = Debug;
		};
		77AFE6DF2FA3419100759E87 /* Release */ = {
			isa = XCBuildConfiguration;
			buildSettings = {
				ALWAYS_SEARCH_USER_PATHS = NO;
				ASSETCATALOG_COMPILER_GENERATE_SWIFT_ASSET_SYMBOL_EXTENSIONS = YES;
				CLANG_ANALYZER_NONNULL = YES;
				CLANG_ANALYZER_NUMBER_OBJECT_CONVERSION = YES_AGGRESSIVE;
				CLANG_CXX_LANGUAGE_STANDARD = "gnu++20";
				CLANG_ENABLE_MODULES = YES;
				CLANG_ENABLE_OBJC_ARC = YES;
				CLANG_ENABLE_OBJC_WEAK = YES;
				CLANG_WARN_BLOCK_CAPTURE_AUTORELEASING = YES;
				CLANG_WARN_BOOL_CONVERSION = YES;
				CLANG_WARN_COMMA = YES;
				CLANG_WARN_CONSTANT_CONVERSION = YES;
				CLANG_WARN_DEPRECATED_OBJC_IMPLEMENTATIONS = YES;
				CLANG_WARN_DIRECT_OBJC_ISA_USAGE = YES_ERROR;
				CLANG_WARN_DOCUMENTATION_COMMENTS = YES;
				CLANG_WARN_EMPTY_BODY = YES;
				CLANG_WARN_ENUM_CONVERSION = YES;
				CLANG_WARN_INFINITE_RECURSION = YES;
				CLANG_WARN_INT_CONVERSION = YES;
				CLANG_WARN_NON_LITERAL_NULL_CONVERSION = YES;
				CLANG_WARN_OBJC_IMPLICIT_RETAIN_SELF = YES;
				CLANG_WARN_OBJC_LITERAL_CONVERSION = YES;
				CLANG_WARN_OBJC_ROOT_CLASS = YES_ERROR;
				CLANG_WARN_QUOTED_INCLUDE_IN_FRAMEWORK_HEADER = YES;
				CLANG_WARN_RANGE_LOOP_ANALYSIS = YES;
				CLANG_WARN_STRICT_PROTOTYPES = YES;
				CLANG_WARN_SUSPICIOUS_MOVE = YES;
				CLANG_WARN_UNGUARDED_AVAILABILITY = YES_AGGRESSIVE;
				CLANG_WARN_UNREACHABLE_CODE = YES;
				CLANG_WARN__DUPLICATE_METHOD_MATCH = YES;
				COPY_PHASE_STRIP = NO;
				DEBUG_INFORMATION_FORMAT = "dwarf-with-dsym";
				DEVELOPMENT_TEAM = Y99467L298;
				ENABLE_NS_ASSERTIONS = NO;
				ENABLE_STRICT_OBJC_MSGSEND = YES;
				ENABLE_USER_SCRIPT_SANDBOXING = YES;
				GCC_C_LANGUAGE_STANDARD = gnu17;
				GCC_NO_COMMON_BLOCKS = YES;
				GCC_WARN_64_TO_32_BIT_CONVERSION = YES;
				GCC_WARN_ABOUT_RETURN_TYPE = YES_ERROR;
				GCC_WARN_UNDECLARED_SELECTOR = YES;
				GCC_WARN_UNINITIALIZED_AUTOS = YES_AGGRESSIVE;
				GCC_WARN_UNUSED_FUNCTION = YES;
				GCC_WARN_UNUSED_VARIABLE = YES;
				IPHONEOS_DEPLOYMENT_TARGET = 26.2;
				LOCALIZATION_PREFERS_STRING_CATALOGS = YES;
				MTL_ENABLE_DEBUG_INFO = NO;
				MTL_FAST_MATH = YES;
				SDKROOT = iphoneos;
				SWIFT_COMPILATION_MODE = wholemodule;
				VALIDATE_PRODUCT = YES;
			};
			name = Release;
		};
		77AFE6E12FA3419100759E87 /* Debug */ = {
			isa = XCBuildConfiguration;
			baseConfigurationReference = 77B100012FA9000000010001 /* Debug.xcconfig */;
			buildSettings = {
				ASSETCATALOG_COMPILER_APPICON_NAME = AppIcon;
				ASSETCATALOG_COMPILER_GLOBAL_ACCENT_COLOR_NAME = AccentColor;
				CODE_SIGN_ENTITLEMENTS = JustDoApp/JustDoApp.entitlements;
				CODE_SIGN_STYLE = Automatic;
				CURRENT_PROJECT_VERSION = 1;
				DEVELOPMENT_TEAM = Y99467L298;
				ENABLE_PREVIEWS = YES;
				GENERATE_INFOPLIST_FILE = YES;
				INFOPLIST_FILE = JustDoApp/Info.plist;
				INFOPLIST_KEY_CFBundleDisplayName = "Just Do";
				INFOPLIST_KEY_UIApplicationSceneManifest_Generation = YES;
				INFOPLIST_KEY_UIApplicationSupportsIndirectInputEvents = YES;
				INFOPLIST_KEY_UILaunchScreen_Generation = YES;
				INFOPLIST_KEY_UISupportedInterfaceOrientations_iPad = "UIInterfaceOrientationPortrait UIInterfaceOrientationPortraitUpsideDown UIInterfaceOrientationLandscapeLeft UIInterfaceOrientationLandscapeRight";
				INFOPLIST_KEY_UISupportedInterfaceOrientations_iPhone = "UIInterfaceOrientationPortrait UIInterfaceOrientationLandscapeLeft UIInterfaceOrientationLandscapeRight";
				IPHONEOS_DEPLOYMENT_TARGET = 17.0;
				LD_RUNPATH_SEARCH_PATHS = (
					"$(inherited)",
					"@executable_path/Frameworks",
				);
				MARKETING_VERSION = 1.0;
				PRODUCT_BUNDLE_IDENTIFIER = kr.justdo.app;
				PRODUCT_NAME = "$(TARGET_NAME)";
				STRING_CATALOG_GENERATE_SYMBOLS = YES;
				SWIFT_APPROACHABLE_CONCURRENCY = YES;
				SWIFT_DEFAULT_ACTOR_ISOLATION = MainActor;
				SWIFT_EMIT_LOC_STRINGS = YES;
				SWIFT_UPCOMING_FEATURE_MEMBER_IMPORT_VISIBILITY = YES;
				SWIFT_VERSION = 5.0;
				TARGETED_DEVICE_FAMILY = "1,2";
			};
			name = Debug;
		};
		77AFE6E22FA3419100759E87 /* Release */ = {
			isa = XCBuildConfiguration;
			baseConfigurationReference = 77B100022FA9000000010001 /* Release.xcconfig */;
			buildSettings = {
				ASSETCATALOG_COMPILER_APPICON_NAME = AppIcon;
				ASSETCATALOG_COMPILER_GLOBAL_ACCENT_COLOR_NAME = AccentColor;
				CODE_SIGN_ENTITLEMENTS = JustDoApp/JustDoApp.entitlements;
				CODE_SIGN_STYLE = Automatic;
				CURRENT_PROJECT_VERSION = 1;
				DEVELOPMENT_TEAM = Y99467L298;
				ENABLE_PREVIEWS = YES;
				GENERATE_INFOPLIST_FILE = YES;
				INFOPLIST_FILE = JustDoApp/Info.plist;
				INFOPLIST_KEY_CFBundleDisplayName = "Just Do";
				INFOPLIST_KEY_UIApplicationSceneManifest_Generation = YES;
				INFOPLIST_KEY_UIApplicationSupportsIndirectInputEvents = YES;
				INFOPLIST_KEY_UILaunchScreen_Generation = YES;
				INFOPLIST_KEY_UISupportedInterfaceOrientations_iPad = "UIInterfaceOrientationPortrait UIInterfaceOrientationPortraitUpsideDown UIInterfaceOrientationLandscapeLeft UIInterfaceOrientationLandscapeRight";
				INFOPLIST_KEY_UISupportedInterfaceOrientations_iPhone = "UIInterfaceOrientationPortrait UIInterfaceOrientationLandscapeLeft UIInterfaceOrientationLandscapeRight";
				IPHONEOS_DEPLOYMENT_TARGET = 17.0;
				LD_RUNPATH_SEARCH_PATHS = (
					"$(inherited)",
					"@executable_path/Frameworks",
				);
				MARKETING_VERSION = 1.0;
				PRODUCT_BUNDLE_IDENTIFIER = kr.justdo.app;
				PRODUCT_NAME = "$(TARGET_NAME)";
				STRING_CATALOG_GENERATE_SYMBOLS = YES;
				SWIFT_APPROACHABLE_CONCURRENCY = YES;
				SWIFT_DEFAULT_ACTOR_ISOLATION = MainActor;
				SWIFT_EMIT_LOC_STRINGS = YES;
				SWIFT_UPCOMING_FEATURE_MEMBER_IMPORT_VISIBILITY = YES;
				SWIFT_VERSION = 5.0;
				TARGETED_DEVICE_FAMILY = "1,2";
			};
			name = Release;
		};
		77AFE7012FA3443600759E87 /* Debug */ = {
			isa = XCBuildConfiguration;
			buildSettings = {
				ASSETCATALOG_COMPILER_GLOBAL_ACCENT_COLOR_NAME = AccentColor;
				ASSETCATALOG_COMPILER_WIDGET_BACKGROUND_COLOR_NAME = WidgetBackground;
				CODE_SIGN_ENTITLEMENTS = JustDoWidgetExtension.entitlements;
				CODE_SIGN_STYLE = Automatic;
				CURRENT_PROJECT_VERSION = 1;
				DEVELOPMENT_TEAM = Y99467L298;
				GENERATE_INFOPLIST_FILE = YES;
				INFOPLIST_FILE = JustDoWidget/Info.plist;
				INFOPLIST_KEY_CFBundleDisplayName = JustDoWidget;
				INFOPLIST_KEY_NSHumanReadableCopyright = "";
				IPHONEOS_DEPLOYMENT_TARGET = 17.0;
				LD_RUNPATH_SEARCH_PATHS = (
					"$(inherited)",
					"@executable_path/Frameworks",
					"@executable_path/../../Frameworks",
				);
				MARKETING_VERSION = 1.0;
				PRODUCT_BUNDLE_IDENTIFIER = kr.justdo.app.widget;
				PRODUCT_NAME = "$(TARGET_NAME)";
				SKIP_INSTALL = YES;
				STRING_CATALOG_GENERATE_SYMBOLS = YES;
				SWIFT_APPROACHABLE_CONCURRENCY = YES;
				SWIFT_EMIT_LOC_STRINGS = YES;
				SWIFT_UPCOMING_FEATURE_MEMBER_IMPORT_VISIBILITY = YES;
				SWIFT_VERSION = 5.0;
				TARGETED_DEVICE_FAMILY = "1,2";
			};
			name = Debug;
		};
		77AFE7022FA3443600759E87 /* Release */ = {
			isa = XCBuildConfiguration;
			buildSettings = {
				ASSETCATALOG_COMPILER_GLOBAL_ACCENT_COLOR_NAME = AccentColor;
				ASSETCATALOG_COMPILER_WIDGET_BACKGROUND_COLOR_NAME = WidgetBackground;
				CODE_SIGN_ENTITLEMENTS = JustDoWidgetExtension.entitlements;
				CODE_SIGN_STYLE = Automatic;
				CURRENT_PROJECT_VERSION = 1;
				DEVELOPMENT_TEAM = Y99467L298;
				GENERATE_INFOPLIST_FILE = YES;
				INFOPLIST_FILE = JustDoWidget/Info.plist;
				INFOPLIST_KEY_CFBundleDisplayName = JustDoWidget;
				INFOPLIST_KEY_NSHumanReadableCopyright = "";
				IPHONEOS_DEPLOYMENT_TARGET = 17.0;
				LD_RUNPATH_SEARCH_PATHS = (
					"$(inherited)",
					"@executable_path/Frameworks",
					"@executable_path/../../Frameworks",
				);
				MARKETING_VERSION = 1.0;
				PRODUCT_BUNDLE_IDENTIFIER = kr.justdo.app.widget;
				PRODUCT_NAME = "$(TARGET_NAME)";
				SKIP_INSTALL = YES;
				STRING_CATALOG_GENERATE_SYMBOLS = YES;
				SWIFT_APPROACHABLE_CONCURRENCY = YES;
				SWIFT_EMIT_LOC_STRINGS = YES;
				SWIFT_UPCOMING_FEATURE_MEMBER_IMPORT_VISIBILITY = YES;
				SWIFT_VERSION = 5.0;
				TARGETED_DEVICE_FAMILY = "1,2";
			};
			name = Release;
		};
		77C200092FB0000000010009 /* Debug */ = {
			isa = XCBuildConfiguration;
			buildSettings = {
				ALWAYS_EMBED_SWIFT_STANDARD_LIBRARIES = YES;
				CODE_SIGN_STYLE = Automatic;
				CURRENT_PROJECT_VERSION = 1;
				DEVELOPMENT_TEAM = Y99467L298;
				GENERATE_INFOPLIST_FILE = YES;
				INFOPLIST_KEY_CFBundleDisplayName = JustDoAppUITests;
				IPHONEOS_DEPLOYMENT_TARGET = 17.0;
				MARKETING_VERSION = 1.0;
				PRODUCT_BUNDLE_IDENTIFIER = kr.justdo.app.uitests;
				PRODUCT_NAME = "$(TARGET_NAME)";
				SWIFT_APPROACHABLE_CONCURRENCY = YES;
				SWIFT_EMIT_LOC_STRINGS = NO;
				SWIFT_UPCOMING_FEATURE_MEMBER_IMPORT_VISIBILITY = YES;
				SWIFT_VERSION = 5.0;
				TARGETED_DEVICE_FAMILY = "1,2";
				TEST_TARGET_NAME = JustDoApp;
			};
			name = Debug;
		};
		77C2000A2FB000000001000A /* Release */ = {
			isa = XCBuildConfiguration;
			buildSettings = {
				ALWAYS_EMBED_SWIFT_STANDARD_LIBRARIES = YES;
				CODE_SIGN_STYLE = Automatic;
				CURRENT_PROJECT_VERSION = 1;
				DEVELOPMENT_TEAM = Y99467L298;
				GENERATE_INFOPLIST_FILE = YES;
				INFOPLIST_KEY_CFBundleDisplayName = JustDoAppUITests;
				IPHONEOS_DEPLOYMENT_TARGET = 17.0;
				MARKETING_VERSION = 1.0;
				PRODUCT_BUNDLE_IDENTIFIER = kr.justdo.app.uitests;
				PRODUCT_NAME = "$(TARGET_NAME)";
				SWIFT_APPROACHABLE_CONCURRENCY = YES;
				SWIFT_EMIT_LOC_STRINGS = NO;
				SWIFT_UPCOMING_FEATURE_MEMBER_IMPORT_VISIBILITY = YES;
				SWIFT_VERSION = 5.0;
				TARGETED_DEVICE_FAMILY = "1,2";
				TEST_TARGET_NAME = JustDoApp;
			};
			name = Release;
		};
/* End XCBuildConfiguration section */

/* Begin XCConfigurationList section */
		77AFE6D02FA3418F00759E87 /* Build configuration list for PBXProject "JustDoApp" */ = {
			isa = XCConfigurationList;
			buildConfigurations = (
				77AFE6DE2FA3419100759E87 /* Debug */,
				77AFE6DF2FA3419100759E87 /* Release */,
			);
			defaultConfigurationIsVisible = 0;
			defaultConfigurationName = Release;
		};
		77AFE6E02FA3419100759E87 /* Build configuration list for PBXNativeTarget "JustDoApp" */ = {
			isa = XCConfigurationList;
			buildConfigurations = (
				77AFE6E12FA3419100759E87 /* Debug */,
				77AFE6E22FA3419100759E87 /* Release */,
			);
			defaultConfigurationIsVisible = 0;
			defaultConfigurationName = Release;
		};
		77AFE7002FA3443600759E87 /* Build configuration list for PBXNativeTarget "JustDoWidgetExtension" */ = {
			isa = XCConfigurationList;
			buildConfigurations = (
				77AFE7012FA3443600759E87 /* Debug */,
				77AFE7022FA3443600759E87 /* Release */,
			);
			defaultConfigurationIsVisible = 0;
			defaultConfigurationName = Release;
		};
		77C2000B2FB000000001000B /* Build configuration list for PBXNativeTarget "JustDoAppUITests" */ = {
			isa = XCConfigurationList;
			buildConfigurations = (
				77C200092FB0000000010009 /* Debug */,
				77C2000A2FB000000001000A /* Release */,
			);
			defaultConfigurationIsVisible = 0;
			defaultConfigurationName = Release;
		};
/* End XCConfigurationList section */

/* Begin XCLocalSwiftPackageReference section */
		77AFE6E32FA342D100759E87 /* XCLocalSwiftPackageReference "../../ios" */ = {
			isa = XCLocalSwiftPackageReference;
			relativePath = ../../ios;
		};
/* End XCLocalSwiftPackageReference section */

/* Begin XCSwiftPackageProductDependency section */
		77AFE6E42FA342D100759E87 /* JustDoShared */ = {
			isa = XCSwiftPackageProductDependency;
			productName = JustDoShared;
		};
		77AFE7042FA344A000759E87 /* JustDoShared */ = {
			isa = XCSwiftPackageProductDependency;
			package = 77AFE6E32FA342D100759E87 /* XCLocalSwiftPackageReference "../../ios" */;
			productName = JustDoShared;
		};
/* End XCSwiftPackageProductDependency section */
	};
	rootObject = 77AFE6CD2FA3418F00759E87 /* Project object */;
}
